
Microsoft Visual Studio Solution File, Format Version 12.00
# Visual Studio Version 17
VisualStudioVersion = 17.2.32526.322
MinimumVisualStudioVersion = 10.0.40219.1
Project("{FAE04EC0-301F-11D3-BF4B-00C04F79EFBC}") = "Exercício 3", "Exercício 3\Exercício 3.csproj", "{FA21F27C-9935-4817-A13E-92A43EEBEE7F}"
EndProject
Global
	GlobalSection(SolutionConfigurationPlatforms) = preSolution
		Debug|Any CPU = Debug|Any CPU
		Release|Any CPU = Release|Any CPU
	EndGlobalSection
	GlobalSection(ProjectConfigurationPlatforms) = postSolution
		{FA21F27C-9935-4817-A13E-92A43EEBEE7F}.Debug|Any CPU.ActiveCfg = Debug|Any CPU
		{FA21F27C-9935-4817-A13E-92A43EEBEE7F}.Debug|Any CPU.Build.0 = Debug|Any CPU
		{FA21F27C-9935-4817-A13E-92A43EEBEE7F}.Release|Any CPU.ActiveCfg = Release|Any CPU
		{FA21F27C-9935-4817-A13E-92A43EEBEE7F}.Release|Any CPU.Build.0 = Release|Any CPU
	EndGlobalSection
	GlobalSection(SolutionProperties) = preSolution
		HideSolutionNode = FALSE
	EndGlobalSection
	GlobalSection(ExtensibilityGlobals) = postSolution
		SolutionGuid = {A77EF7CB-6DA2-4B41-8D41-4F045FE13FEB}
	EndGlobalSection
EndGlobal
